// !$*UTF8*$!
{
	archiveVersion = 1;
	classes = {
	};
	objectVersion = 55;
	objects = {

/* Begin PBXBuildFile section */
		E62EA9AE27C5ECF500411350 /* HomeViewController.swift in Sources */ = {isa = PBXBuildFile; fileRef = E62EA9AD27C5ECF500411350 /* HomeViewController.swift */; };
		E62EA9B027C6244300411350 /* DateButton.swift in Sources */ = {isa = PBXBuildFile; fileRef = E62EA9AF27C6244300411350 /* DateButton.swift */; };
		E650488B27CCBB860059F592 /* DetailBaseViewController.swift in Sources */ = {isa = PBXBuildFile; fileRef = E650488A27CCBB860059F592 /* DetailBaseViewController.swift */; };
		E650489127CCC2BA0059F592 /* ToggleButtonTableViewCell.swift in Sources */ = {isa = PBXBuildFile; fileRef = E650489027CCC2BA0059F592 /* ToggleButtonTableViewCell.swift */; };
		E650489527CCC4450059F592 /* TextFieldTableViewCell.swift in Sources */ = {isa = PBXBuildFile; fileRef = E650489427CCC4450059F592 /* TextFieldTableViewCell.swift */; };
		E650489727CCCB7A0059F592 /* PickerTableViewCell.swift in Sources */ = {isa = PBXBuildFile; fileRef = E650489627CCCB7A0059F592 /* PickerTableViewCell.swift */; };
		E650489B27CCD1030059F592 /* TextViewTableViewCell.swift in Sources */ = {isa = PBXBuildFile; fileRef = E650489A27CCD1030059F592 /* TextViewTableViewCell.swift */; };
		E65281D727CDB119000E6EAC /* TextEditorPopupView.swift in Sources */ = {isa = PBXBuildFile; fileRef = E65281D627CDB119000E6EAC /* TextEditorPopupView.swift */; };
		E6554BC927D4F4D400160FA7 /* HomeViewModel.swift in Sources */ = {isa = PBXBuildFile; fileRef = E6554BC827D4F4D400160FA7 /* HomeViewModel.swift */; };
		E65A677427C5E0E600130B3D /* AppDelegate.swift in Sources */ = {isa = PBXBuildFile; fileRef = E65A677327C5E0E600130B3D /* AppDelegate.swift */; };
		E65A677D27C5E0E800130B3D /* Assets.xcassets in Resources */ = {isa = PBXBuildFile; fileRef = E65A677C27C5E0E800130B3D /* Assets.xcassets */; };
		E65A678027C5E0E800130B3D /* LaunchScreen.storyboard in Resources */ = {isa = PBXBuildFile; fileRef = E65A677E27C5E0E800130B3D /* LaunchScreen.storyboard */; };
		E65A678827C5E35700130B3D /* SceneDelegate.swift in Sources */ = {isa = PBXBuildFile; fileRef = E65A678727C5E35600130B3D /* SceneDelegate.swift */; };
		E65F367B27CD21A9009F4E50 /* TaskState.swift in Sources */ = {isa = PBXBuildFile; fileRef = E65F367A27CD21A9009F4E50 /* TaskState.swift */; };
		E65F367D27CD21E0009F4E50 /* DetailCellStyle.swift in Sources */ = {isa = PBXBuildFile; fileRef = E65F367C27CD21E0009F4E50 /* DetailCellStyle.swift */; };
		E65F368027CD254F009F4E50 /* TaskDetailViewModel.swift in Sources */ = {isa = PBXBuildFile; fileRef = E65F367F27CD254F009F4E50 /* TaskDetailViewModel.swift */; };
		E66FF93927CE7183004067F9 /* DetailTableViewCell+Delegate.swift in Sources */ = {isa = PBXBuildFile; fileRef = E66FF93827CE7183004067F9 /* DetailTableViewCell+Delegate.swift */; };
		E67926BD27D0CDA500DE3F1D /* CreateTaskViewController.swift in Sources */ = {isa = PBXBuildFile; fileRef = E67926BC27D0CDA500DE3F1D /* CreateTaskViewController.swift */; };
		E67926BF27D0CE3400DE3F1D /* TaskDetailViewController.swift in Sources */ = {isa = PBXBuildFile; fileRef = E67926BE27D0CE3400DE3F1D /* TaskDetailViewController.swift */; };
		E67926C127D0D46D00DE3F1D /* CreateTaskViewModel.swift in Sources */ = {isa = PBXBuildFile; fileRef = E67926C027D0D46D00DE3F1D /* CreateTaskViewModel.swift */; };
		E67926C327D12C1600DE3F1D /* DetailBaseViewModel.swift in Sources */ = {isa = PBXBuildFile; fileRef = E67926C227D12C1600DE3F1D /* DetailBaseViewModel.swift */; };
		E686DA8F27D4C5AE00639894 /* LoadingView.swift in Sources */ = {isa = PBXBuildFile; fileRef = E686DA8E27D4C5AE00639894 /* LoadingView.swift */; };
		E686DA9227D4CF5A00639894 /* DateManager.swift in Sources */ = {isa = PBXBuildFile; fileRef = E686DA9127D4CF5A00639894 /* DateManager.swift */; };
		E6A1B7E027CDDE2A003DAB35 /* UIView+ShadowAndBorder.swift in Sources */ = {isa = PBXBuildFile; fileRef = E6A1B7DF27CDDE2A003DAB35 /* UIView+ShadowAndBorder.swift */; };
		E6B3EA4727CA909800B75EE6 /* FilterView.swift in Sources */ = {isa = PBXBuildFile; fileRef = E6B3EA4627CA909700B75EE6 /* FilterView.swift */; };
		E6B3EA4927CA90D600B75EE6 /* UIView+RoundedCorners.swift in Sources */ = {isa = PBXBuildFile; fileRef = E6B3EA4827CA90D600B75EE6 /* UIView+RoundedCorners.swift */; };
		E6B3EA4B27CA90F300B75EE6 /* ToggleButton.swift in Sources */ = {isa = PBXBuildFile; fileRef = E6B3EA4A27CA90F300B75EE6 /* ToggleButton.swift */; };
		E6CE0EEF27C7F190004944A4 /* TaskCollectionViewCell.swift in Sources */ = {isa = PBXBuildFile; fileRef = E6CE0EEE27C7F190004944A4 /* TaskCollectionViewCell.swift */; };
		E6D52B8227C8AA0D00446EC1 /* TaskItem.swift in Sources */ = {isa = PBXBuildFile; fileRef = E6D52B8127C8AA0D00446EC1 /* TaskItem.swift */; };
		E6DF4B1B27CC5E8C00E7E582 /* RealmSwift in Frameworks */ = {isa = PBXBuildFile; productRef = E6DF4B1A27CC5E8C00E7E582 /* RealmSwift */; };
		E6E1BD5C27C68F4800DA8286 /* BottomBarView.swift in Sources */ = {isa = PBXBuildFile; fileRef = E6E1BD5B27C68F4800DA8286 /* BottomBarView.swift */; };
		E6EDFCA827CF1AF50090D105 /* UITapGestureRecognizer+Extension.swift in Sources */ = {isa = PBXBuildFile; fileRef = E6EDFCA727CF1AF50090D105 /* UITapGestureRecognizer+Extension.swift */; };
		E6F4E00E27C862D6007ED558 /* Constants.swift in Sources */ = {isa = PBXBuildFile; fileRef = E6F4E00D27C862D6007ED558 /* Constants.swift */; };
		E6F8295D27CF633E00311209 /* EditMode.swift in Sources */ = {isa = PBXBuildFile; fileRef = E6F8295C27CF633E00311209 /* EditMode.swift */; };
		E6F8295F27CF7CF100311209 /* TextTableViewCell+Delegate.swift in Sources */ = {isa = PBXBuildFile; fileRef = E6F8295E27CF7CF100311209 /* TextTableViewCell+Delegate.swift */; };
/* End PBXBuildFile section */

/* Begin PBXFileReference section */
		E62EA9AD27C5ECF500411350 /* HomeViewController.swift */ = {isa = PBXFileReference; lastKnownFileType = sourcecode.swift; path = HomeViewController.swift; sourceTree = "<group>"; };
		E62EA9AF27C6244300411350 /* DateButton.swift */ = {isa = PBXFileReference; lastKnownFileType = sourcecode.swift; path = DateButton.swift; sourceTree = "<group>"; };
		E650488A27CCBB860059F592 /* DetailBaseViewController.swift */ = {isa = PBXFileReference; lastKnownFileType = sourcecode.swift; path = DetailBaseViewController.swift; sourceTree = "<group>"; };
		E650489027CCC2BA0059F592 /* ToggleButtonTableViewCell.swift */ = {isa = PBXFileReference; lastKnownFileType = sourcecode.swift; path = ToggleButtonTableViewCell.swift; sourceTree = "<group>"; };
		E650489427CCC4450059F592 /* TextFieldTableViewCell.swift */ = {isa = PBXFileReference; lastKnownFileType = sourcecode.swift; path = TextFieldTableViewCell.swift; sourceTree = "<group>"; };
		E650489627CCCB7A0059F592 /* PickerTableViewCell.swift */ = {isa = PBXFileReference; lastKnownFileType = sourcecode.swift; path = PickerTableViewCell.swift; sourceTree = "<group>"; };
		E650489A27CCD1030059F592 /* TextViewTableViewCell.swift */ = {isa = PBXFileReference; lastKnownFileType = sourcecode.swift; path = TextViewTableViewCell.swift; sourceTree = "<group>"; };
		E65281D627CDB119000E6EAC /* TextEditorPopupView.swift */ = {isa = PBXFileReference; lastKnownFileType = sourcecode.swift; path = TextEditorPopupView.swift; sourceTree = "<group>"; };
		E6554BC827D4F4D400160FA7 /* HomeViewModel.swift */ = {isa = PBXFileReference; lastKnownFileType = sourcecode.swift; path = HomeViewModel.swift; sourceTree = "<group>"; };
		E65A677027C5E0E600130B3D /* Todo.app */ = {isa = PBXFileReference; explicitFileType = wrapper.application; includeInIndex = 0; path = Todo.app; sourceTree = BUILT_PRODUCTS_DIR; };
		E65A677327C5E0E600130B3D /* AppDelegate.swift */ = {isa = PBXFileReference; lastKnownFileType = sourcecode.swift; path = AppDelegate.swift; sourceTree = "<group>"; };
		E65A677C27C5E0E800130B3D /* Assets.xcassets */ = {isa = PBXFileReference; lastKnownFileType = folder.assetcatalog; path = Assets.xcassets; sourceTree = "<group>"; };
		E65A677F27C5E0E800130B3D /* Base */ = {isa = PBXFileReference; lastKnownFileType = file.storyboard; name = Base; path = Base.lproj/LaunchScreen.storyboard; sourceTree = "<group>"; };
		E65A678127C5E0E800130B3D /* Info.plist */ = {isa = PBXFileReference; lastKnownFileType = text.plist.xml; path = Info.plist; sourceTree = "<group>"; };
		E65A678727C5E35600130B3D /* SceneDelegate.swift */ = {isa = PBXFileReference; fileEncoding = 4; lastKnownFileType = sourcecode.swift; path = SceneDelegate.swift; sourceTree = "<group>"; };
		E65F367A27CD21A9009F4E50 /* TaskState.swift */ = {isa = PBXFileReference; lastKnownFileType = sourcecode.swift; path = TaskState.swift; sourceTree = "<group>"; };
		E65F367C27CD21E0009F4E50 /* DetailCellStyle.swift */ = {isa = PBXFileReference; lastKnownFileType = sourcecode.swift; path = DetailCellStyle.swift; sourceTree = "<group>"; };
		E65F367F27CD254F009F4E50 /* TaskDetailViewModel.swift */ = {isa = PBXFileReference; lastKnownFileType = sourcecode.swift; path = TaskDetailViewModel.swift; sourceTree = "<group>"; };
		E66FF93827CE7183004067F9 /* DetailTableViewCell+Delegate.swift */ = {isa = PBXFileReference; lastKnownFileType = sourcecode.swift; path = "DetailTableViewCell+Delegate.swift"; sourceTree = "<group>"; };
		E67926BC27D0CDA500DE3F1D /* CreateTaskViewController.swift */ = {isa = PBXFileReference; lastKnownFileType = sourcecode.swift; path = CreateTaskViewController.swift; sourceTree = "<group>"; };
		E67926BE27D0CE3400DE3F1D /* TaskDetailViewController.swift */ = {isa = PBXFileReference; lastKnownFileType = sourcecode.swift; path = TaskDetailViewController.swift; sourceTree = "<group>"; };
		E67926C027D0D46D00DE3F1D /* CreateTaskViewModel.swift */ = {isa = PBXFileReference; lastKnownFileType = sourcecode.swift; path = CreateTaskViewModel.swift; sourceTree = "<group>"; };
		E67926C227D12C1600DE3F1D /* DetailBaseViewModel.swift */ = {isa = PBXFileReference; lastKnownFileType = sourcecode.swift; path = DetailBaseViewModel.swift; sourceTree = "<group>"; };
		E686DA8E27D4C5AE00639894 /* LoadingView.swift */ = {isa = PBXFileReference; lastKnownFileType = sourcecode.swift; path = LoadingView.swift; sourceTree = "<group>"; };
		E686DA9127D4CF5A00639894 /* DateManager.swift */ = {isa = PBXFileReference; lastKnownFileType = sourcecode.swift; path = DateManager.swift; sourceTree = "<group>"; };
		E6A1B7DF27CDDE2A003DAB35 /* UIView+ShadowAndBorder.swift */ = {isa = PBXFileReference; lastKnownFileType = sourcecode.swift; path = "UIView+ShadowAndBorder.swift"; sourceTree = "<group>"; };
		E6B3EA4627CA909700B75EE6 /* FilterView.swift */ = {isa = PBXFileReference; lastKnownFileType = sourcecode.swift; path = FilterView.swift; sourceTree = "<group>"; };
		E6B3EA4827CA90D600B75EE6 /* UIView+RoundedCorners.swift */ = {isa = PBXFileReference; lastKnownFileType = sourcecode.swift; path = "UIView+RoundedCorners.swift"; sourceTree = "<group>"; };
		E6B3EA4A27CA90F300B75EE6 /* ToggleButton.swift */ = {isa = PBXFileReference; lastKnownFileType = sourcecode.swift; path = ToggleButton.swift; sourceTree = "<group>"; };
		E6CE0EEE27C7F190004944A4 /* TaskCollectionViewCell.swift */ = {isa = PBXFileReference; lastKnownFileType = sourcecode.swift; path = TaskCollectionViewCell.swift; sourceTree = "<group>"; };
		E6D52B8127C8AA0D00446EC1 /* TaskItem.swift */ = {isa = PBXFileReference; lastKnownFileType = sourcecode.swift; path = TaskItem.swift; sourceTree = "<group>"; };
		E6E1BD5B27C68F4800DA8286 /* BottomBarView.swift */ = {isa = PBXFileReference; lastKnownFileType = sourcecode.swift; path = BottomBarView.swift; sourceTree = "<group>"; };
		E6EDFCA727CF1AF50090D105 /* UITapGestureRecognizer+Extension.swift */ = {isa = PBXFileReference; lastKnownFileType = sourcecode.swift; path = "UITapGestureRecognizer+Extension.swift"; sourceTree = "<group>"; };
		E6F4E00D27C862D6007ED558 /* Constants.swift */ = {isa = PBXFileReference; lastKnownFileType = sourcecode.swift; path = Constants.swift; sourceTree = "<group>"; };
		E6F8295C27CF633E00311209 /* EditMode.swift */ = {isa = PBXFileReference; lastKnownFileType = sourcecode.swift; path = EditMode.swift; sourceTree = "<group>"; };
		E6F8295E27CF7CF100311209 /* TextTableViewCell+Delegate.swift */ = {isa = PBXFileReference; lastKnownFileType = sourcecode.swift; path = "TextTableViewCell+Delegate.swift"; sourceTree = "<group>"; };
/* End PBXFileReference section */

/* Begin PBXFrameworksBuildPhase section */
		E65A676D27C5E0E600130B3D /* Frameworks */ = {
			isa = PBXFrameworksBuildPhase;
			buildActionMask = 2147483647;
			files = (
				E6DF4B1B27CC5E8C00E7E582 /* RealmSwift in Frameworks */,
			);
			runOnlyForDeploymentPostprocessing = 0;
		};
/* End PBXFrameworksBuildPhase section */

/* Begin PBXGroup section */
		E62EA9A827C5EC8000411350 /* Controllers */ = {
			isa = PBXGroup;
			children = (
				E62EA9AD27C5ECF500411350 /* HomeViewController.swift */,
				E650488A27CCBB860059F592 /* DetailBaseViewController.swift */,
				E67926BC27D0CDA500DE3F1D /* CreateTaskViewController.swift */,
				E67926BE27D0CE3400DE3F1D /* TaskDetailViewController.swift */,
			);
			path = Controllers;
			sourceTree = "<group>";
		};
		E62EA9A927C5EC8E00411350 /* Models */ = {
			isa = PBXGroup;
			children = (
				E65F367927CD219C009F4E50 /* Enums */,
				E6D52B8127C8AA0D00446EC1 /* TaskItem.swift */,
			);
			path = Models;
			sourceTree = "<group>";
		};
		E62EA9AB27C5ECA500411350 /* Views */ = {
			isa = PBXGroup;
			children = (
				E66FF93A27CE7EBE004067F9 /* Popup */,
				E65281D527CDB0C5000E6EAC /* Buttons */,
				E650488F27CCC29E0059F592 /* CollectionCell */,
				E650488E27CCC28B0059F592 /* TableCells */,
				E65A677E27C5E0E800130B3D /* LaunchScreen.storyboard */,
				E6E1BD5B27C68F4800DA8286 /* BottomBarView.swift */,
				E6B3EA4627CA909700B75EE6 /* FilterView.swift */,
				E686DA8E27D4C5AE00639894 /* LoadingView.swift */,
			);
			path = Views;
			sourceTree = "<group>";
		};
		E62EA9AC27C5ECBA00411350 /* Resources */ = {
			isa = PBXGroup;
			children = (
				E65A677327C5E0E600130B3D /* AppDelegate.swift */,
				E65A678727C5E35600130B3D /* SceneDelegate.swift */,
				E65A677C27C5E0E800130B3D /* Assets.xcassets */,
			);
			path = Resources;
			sourceTree = "<group>";
		};
		E650488E27CCC28B0059F592 /* TableCells */ = {
			isa = PBXGroup;
			children = (
				E66FF93827CE7183004067F9 /* DetailTableViewCell+Delegate.swift */,
				E6EDFCA627CF0E460090D105 /* TextCell */,
				E650489027CCC2BA0059F592 /* ToggleButtonTableViewCell.swift */,
				E650489627CCCB7A0059F592 /* PickerTableViewCell.swift */,
			);
			path = TableCells;
			sourceTree = "<group>";
		};
		E650488F27CCC29E0059F592 /* CollectionCell */ = {
			isa = PBXGroup;
			children = (
				E6CE0EEE27C7F190004944A4 /* TaskCollectionViewCell.swift */,
			);
			path = CollectionCell;
			sourceTree = "<group>";
		};
		E65281D527CDB0C5000E6EAC /* Buttons */ = {
			isa = PBXGroup;
			children = (
				E62EA9AF27C6244300411350 /* DateButton.swift */,
				E6B3EA4A27CA90F300B75EE6 /* ToggleButton.swift */,
			);
			path = Buttons;
			sourceTree = "<group>";
		};
		E65A676727C5E0E600130B3D = {
			isa = PBXGroup;
			children = (
				E65A677227C5E0E600130B3D /* Todo */,
				E65A677127C5E0E600130B3D /* Products */,
			);
			sourceTree = "<group>";
		};
		E65A677127C5E0E600130B3D /* Products */ = {
			isa = PBXGroup;
			children = (
				E65A677027C5E0E600130B3D /* Todo.app */,
			);
			name = Products;
			sourceTree = "<group>";
		};
		E65A677227C5E0E600130B3D /* Todo */ = {
			isa = PBXGroup;
			children = (
				E686DA9027D4CF4D00639894 /* Managers */,
				E6F4E00C27C862AE007ED558 /* Utility */,
				E62EA9AC27C5ECBA00411350 /* Resources */,
				E65F367E27CD252F009F4E50 /* ViewModels */,
				E62EA9A927C5EC8E00411350 /* Models */,
				E62EA9AB27C5ECA500411350 /* Views */,
				E62EA9A827C5EC8000411350 /* Controllers */,
				E65A678127C5E0E800130B3D /* Info.plist */,
			);
			path = Todo;
			sourceTree = "<group>";
		};
		E65F367927CD219C009F4E50 /* Enums */ = {
			isa = PBXGroup;
			children = (
				E65F367A27CD21A9009F4E50 /* TaskState.swift */,
				E65F367C27CD21E0009F4E50 /* DetailCellStyle.swift */,
				E6F8295C27CF633E00311209 /* EditMode.swift */,
			);
			path = Enums;
			sourceTree = "<group>";
		};
		E65F367E27CD252F009F4E50 /* ViewModels */ = {
			isa = PBXGroup;
			children = (
				E65F367F27CD254F009F4E50 /* TaskDetailViewModel.swift */,
				E67926C027D0D46D00DE3F1D /* CreateTaskViewModel.swift */,
				E67926C227D12C1600DE3F1D /* DetailBaseViewModel.swift */,
				E6554BC827D4F4D400160FA7 /* HomeViewModel.swift */,
			);
			path = ViewModels;
			sourceTree = "<group>";
		};
		E66FF93A27CE7EBE004067F9 /* Popup */ = {
			isa = PBXGroup;
			children = (
				E65281D627CDB119000E6EAC /* TextEditorPopupView.swift */,
			);
			path = Popup;
			sourceTree = "<group>";
		};
		E686DA9027D4CF4D00639894 /* Managers */ = {
			isa = PBXGroup;
			children = (
				E686DA9127D4CF5A00639894 /* DateManager.swift */,
			);
			path = Managers;
			sourceTree = "<group>";
		};
		E6EDFCA627CF0E460090D105 /* TextCell */ = {
			isa = PBXGroup;
			children = (
				E650489427CCC4450059F592 /* TextFieldTableViewCell.swift */,
				E650489A27CCD1030059F592 /* TextViewTableViewCell.swift */,
				E6F8295E27CF7CF100311209 /* TextTableViewCell+Delegate.swift */,
			);
			path = TextCell;
			sourceTree = "<group>";
		};
		E6F4E00C27C862AE007ED558 /* Utility */ = {
			isa = PBXGroup;
			children = (
				E6F4E00D27C862D6007ED558 /* Constants.swift */,
				E6B3EA4827CA90D600B75EE6 /* UIView+RoundedCorners.swift */,
				E6A1B7DF27CDDE2A003DAB35 /* UIView+ShadowAndBorder.swift */,
				E6EDFCA727CF1AF50090D105 /* UITapGestureRecognizer+Extension.swift */,
			);
			path = Utility;
			sourceTree = "<group>";
		};
/* End PBXGroup section */

/* Begin PBXNativeTarget section */
		E65A676F27C5E0E600130B3D /* Todo */ = {
			isa = PBXNativeTarget;
			buildConfigurationList = E65A678427C5E0E800130B3D /* Build configuration list for PBXNativeTarget "Todo" */;
			buildPhases = (
				E65A676C27C5E0E600130B3D /* Sources */,
				E65A676D27C5E0E600130B3D /* Frameworks */,
				E65A676E27C5E0E600130B3D /* Resources */,
			);
			buildRules = (
			);
			dependencies = (
			);
			name = Todo;
			packageProductDependencies = (
				E6DF4B1A27CC5E8C00E7E582 /* RealmSwift */,
			);
			productName = Todo;
			productReference = E65A677027C5E0E600130B3D /* Todo.app */;
			productType = "com.apple.product-type.application";
		};
/* End PBXNativeTarget section */

/* Begin PBXProject section */
		E65A676827C5E0E600130B3D /* Project object */ = {
			isa = PBXProject;
			attributes = {
				BuildIndependentTargetsInParallel = 1;
				LastSwiftUpdateCheck = 1320;
				LastUpgradeCheck = 1320;
				TargetAttributes = {
					E65A676F27C5E0E600130B3D = {
						CreatedOnToolsVersion = 13.2.1;
					};
				};
			};
			buildConfigurationList = E65A676B27C5E0E600130B3D /* Build configuration list for PBXProject "Todo" */;
			compatibilityVersion = "Xcode 13.0";
			developmentRegion = en;
			hasScannedForEncodings = 0;
			knownRegions = (
				en,
				Base,
			);
			mainGroup = E65A676727C5E0E600130B3D;
			packageReferences = (
				E6DF4B1927CC5E8C00E7E582 /* XCRemoteSwiftPackageReference "realm-swift" */,
			);
			productRefGroup = E65A677127C5E0E600130B3D /* Products */;
			projectDirPath = "";
			projectRoot = "";
			targets = (
				E65A676F27C5E0E600130B3D /* Todo */,
			);
		};
/* End PBXProject section */

/* Begin PBXResourcesBuildPhase section */
		E65A676E27C5E0E600130B3D /* Resources */ = {
			isa = PBXResourcesBuildPhase;
			buildActionMask = 2147483647;
			files = (
				E65A678027C5E0E800130B3D /* LaunchScreen.storyboard in Resources */,
				E65A677D27C5E0E800130B3D /* Assets.xcassets in Resources */,
			);
			runOnlyForDeploymentPostprocessing = 0;
		};
/* End PBXResourcesBuildPhase section */

/* Begin PBXSourcesBuildPhase section */
		E65A676C27C5E0E600130B3D /* Sources */ = {
			isa = PBXSourcesBuildPhase;
			buildActionMask = 2147483647;
			files = (
				E66FF93927CE7183004067F9 /* DetailTableViewCell+Delegate.swift in Sources */,
				E6F4E00E27C862D6007ED558 /* Constants.swift in Sources */,
				E6F8295F27CF7CF100311209 /* TextTableViewCell+Delegate.swift in Sources */,
				E6554BC927D4F4D400160FA7 /* HomeViewModel.swift in Sources */,
				E6F8295D27CF633E00311209 /* EditMode.swift in Sources */,
				E65281D727CDB119000E6EAC /* TextEditorPopupView.swift in Sources */,
				E686DA9227D4CF5A00639894 /* DateManager.swift in Sources */,
				E67926C127D0D46D00DE3F1D /* CreateTaskViewModel.swift in Sources */,
				E6EDFCA827CF1AF50090D105 /* UITapGestureRecognizer+Extension.swift in Sources */,
				E65A677427C5E0E600130B3D /* AppDelegate.swift in Sources */,
				E650489527CCC4450059F592 /* TextFieldTableViewCell.swift in Sources */,
				E67926C327D12C1600DE3F1D /* DetailBaseViewModel.swift in Sources */,
				E6A1B7E027CDDE2A003DAB35 /* UIView+ShadowAndBorder.swift in Sources */,
				E6B3EA4927CA90D600B75EE6 /* UIView+RoundedCorners.swift in Sources */,
				E650489727CCCB7A0059F592 /* PickerTableViewCell.swift in Sources */,
				E650488B27CCBB860059F592 /* DetailBaseViewController.swift in Sources */,
				E65A678827C5E35700130B3D /* SceneDelegate.swift in Sources */,
				E67926BF27D0CE3400DE3F1D /* TaskDetailViewController.swift in Sources */,
				E67926BD27D0CDA500DE3F1D /* CreateTaskViewController.swift in Sources */,
				E6D52B8227C8AA0D00446EC1 /* TaskItem.swift in Sources */,
				E65F368027CD254F009F4E50 /* TaskDetailViewModel.swift in Sources */,
				E650489127CCC2BA0059F592 /* ToggleButtonTableViewCell.swift in Sources */,
				E62EA9AE27C5ECF500411350 /* HomeViewController.swift in Sources */,
				E65F367D27CD21E0009F4E50 /* DetailCellStyle.swift in Sources */,
				E6B3EA4B27CA90F300B75EE6 /* ToggleButton.swift in Sources */,
				E6E1BD5C27C68F4800DA8286 /* BottomBarView.swift in Sources */,
				E6CE0EEF27C7F190004944A4 /* TaskCollectionViewCell.swift in Sources */,
				E6B3EA4727CA909800B75EE6 /* FilterView.swift in Sources */,
				E62EA9B027C6244300411350 /* DateButton.swift in Sources */,
				E65F367B27CD21A9009F4E50 /* TaskState.swift in Sources */,
				E686DA8F27D4C5AE00639894 /* LoadingView.swift in Sources */,
				E650489B27CCD1030059F592 /* TextViewTableViewCell.swift in Sources */,
			);
			runOnlyForDeploymentPostprocessing = 0;
		};
/* End PBXSourcesBuildPhase section */

/* Begin PBXVariantGroup section */
		E65A677E27C5E0E800130B3D /* LaunchScreen.storyboard */ = {
			isa = PBXVariantGroup;
			children = (
				E65A677F27C5E0E800130B3D /* Base */,
			);
			name = LaunchScreen.storyboard;
			sourceTree = "<group>";
		};
/* End PBXVariantGroup section */

/* Begin XCBuildConfiguration section */
		E65A678227C5E0E800130B3D /* Debug */ = {
			isa = XCBuildConfiguration;
			buildSettings = {
				ALWAYS_SEARCH_USER_PATHS = NO;
				CLANG_ANALYZER_NONNULL = YES;
				CLANG_ANALYZER_NUMBER_OBJECT_CONVERSION = YES_AGGRESSIVE;
				CLANG_CXX_LANGUAGE_STANDARD = "gnu++17";
				CLANG_CXX_LIBRARY = "libc++";
				CLANG_ENABLE_MODULES = YES;
				CLANG_ENABLE_OBJC_ARC = YES;
				CLANG_ENABLE_OBJC_WEAK = YES;
				CLANG_WARN_BLOCK_CAPTURE_AUTORELEASING = YES;
				CLANG_WARN_BOOL_CONVERSION = YES;
				CLANG_WARN_COMMA = YES;
				CLANG_WARN_CONSTANT_CONVERSION = YES;
				CLANG_WARN_DEPRECATED_OBJC_IMPLEMENTATIONS = YES;
				CLANG_WARN_DIRECT_OBJC_ISA_USAGE = YES_ERROR;
				CLANG_WARN_DOCUMENTATION_COMMENTS = YES;
				CLANG_WARN_EMPTY_BODY = YES;
				CLANG_WARN_ENUM_CONVERSION = YES;
				CLANG_WARN_INFINITE_RECURSION = YES;
				CLANG_WARN_INT_CONVERSION = YES;
				CLANG_WARN_NON_LITERAL_NULL_CONVERSION = YES;
				CLANG_WARN_OBJC_IMPLICIT_RETAIN_SELF = YES;
				CLANG_WARN_OBJC_LITERAL_CONVERSION = YES;
				CLANG_WARN_OBJC_ROOT_CLASS = YES_ERROR;
				CLANG_WARN_QUOTED_INCLUDE_IN_FRAMEWORK_HEADER = YES;
				CLANG_WARN_RANGE_LOOP_ANALYSIS = YES;
				CLANG_WARN_STRICT_PROTOTYPES = YES;
				CLANG_WARN_SUSPICIOUS_MOVE = YES;
				CLANG_WARN_UNGUARDED_AVAILABILITY = YES_AGGRESSIVE;
				CLANG_WARN_UNREACHABLE_CODE = YES;
				CLANG_WARN__DUPLICATE_METHOD_MATCH = YES;
				COPY_PHASE_STRIP = NO;
				DEBUG_INFORMATION_FORMAT = dwarf;
				ENABLE_STRICT_OBJC_MSGSEND = YES;
				ENABLE_TESTABILITY = YES;
				GCC_C_LANGUAGE_STANDARD = gnu11;
				GCC_DYNAMIC_NO_PIC = NO;
				GCC_NO_COMMON_BLOCKS = YES;
				GCC_OPTIMIZATION_LEVEL = 0;
				GCC_PREPROCESSOR_DEFINITIONS = (
					"DEBUG=1",
					"$(inherited)",
				);
				GCC_WARN_64_TO_32_BIT_CONVERSION = YES;
				GCC_WARN_ABOUT_RETURN_TYPE = YES_ERROR;
				GCC_WARN_UNDECLARED_SELECTOR = YES;
				GCC_WARN_UNINITIALIZED_AUTOS = YES_AGGRESSIVE;
				GCC_WARN_UNUSED_FUNCTION = YES;
				GCC_WARN_UNUSED_VARIABLE = YES;
				IPHONEOS_DEPLOYMENT_TARGET = 15.2;
				MTL_ENABLE_DEBUG_INFO = INCLUDE_SOURCE;
				MTL_FAST_MATH = YES;
				ONLY_ACTIVE_ARCH = YES;
				SDKROOT = iphoneos;
				SWIFT_ACTIVE_COMPILATION_CONDITIONS = DEBUG;
				SWIFT_OPTIMIZATION_LEVEL = "-Onone";
			};
			name = Debug;
		};
		E65A678327C5E0E800130B3D /* Release */ = {
			isa = XCBuildConfiguration;
			buildSettings = {
				ALWAYS_SEARCH_USER_PATHS = NO;
				CLANG_ANALYZER_NONNULL = YES;
				CLANG_ANALYZER_NUMBER_OBJECT_CONVERSION = YES_AGGRESSIVE;
				CLANG_CXX_LANGUAGE_STANDARD = "gnu++17";
				CLANG_CXX_LIBRARY = "libc++";
				CLANG_ENABLE_MODULES = YES;
				CLANG_ENABLE_OBJC_ARC = YES;
				CLANG_ENABLE_OBJC_WEAK = YES;
				CLANG_WARN_BLOCK_CAPTURE_AUTORELEASING = YES;
				CLANG_WARN_BOOL_CONVERSION = YES;
				CLANG_WARN_COMMA = YES;
				CLANG_WARN_CONSTANT_CONVERSION = YES;
				CLANG_WARN_DEPRECATED_OBJC_IMPLEMENTATIONS = YES;
				CLANG_WARN_DIRECT_OBJC_ISA_USAGE = YES_ERROR;
				CLANG_WARN_DOCUMENTATION_COMMENTS = YES;
				CLANG_WARN_EMPTY_BODY = YES;
				CLANG_WARN_ENUM_CONVERSION = YES;
				CLANG_WARN_INFINITE_RECURSION = YES;
				CLANG_WARN_INT_CONVERSION = YES;
				CLANG_WARN_NON_LITERAL_NULL_CONVERSION = YES;
				CLANG_WARN_OBJC_IMPLICIT_RETAIN_SELF = YES;
				CLANG_WARN_OBJC_LITERAL_CONVERSION = YES;
				CLANG_WARN_OBJC_ROOT_CLASS = YES_ERROR;
				CLANG_WARN_QUOTED_INCLUDE_IN_FRAMEWORK_HEADER = YES;
				CLANG_WARN_RANGE_LOOP_ANALYSIS = YES;
				CLANG_WARN_STRICT_PROTOTYPES = YES;
				CLANG_WARN_SUSPICIOUS_MOVE = YES;
				CLANG_WARN_UNGUARDED_AVAILABILITY = YES_AGGRESSIVE;
				CLANG_WARN_UNREACHABLE_CODE = YES;
				CLANG_WARN__DUPLICATE_METHOD_MATCH = YES;
				COPY_PHASE_STRIP = NO;
				DEBUG_INFORMATION_FORMAT = "dwarf-with-dsym";
				ENABLE_NS_ASSERTIONS = NO;
				ENABLE_STRICT_OBJC_MSGSEND = YES;
				GCC_C_LANGUAGE_STANDARD = gnu11;
				GCC_NO_COMMON_BLOCKS = YES;
				GCC_WARN_64_TO_32_BIT_CONVERSION = YES;
				GCC_WARN_ABOUT_RETURN_TYPE = YES_ERROR;
				GCC_WARN_UNDECLARED_SELECTOR = YES;
				GCC_WARN_UNINITIALIZED_AUTOS = YES_AGGRESSIVE;
				GCC_WARN_UNUSED_FUNCTION = YES;
				GCC_WARN_UNUSED_VARIABLE = YES;
				IPHONEOS_DEPLOYMENT_TARGET = 15.2;
				MTL_ENABLE_DEBUG_INFO = NO;
				MTL_FAST_MATH = YES;
				SDKROOT = iphoneos;
				SWIFT_COMPILATION_MODE = wholemodule;
				SWIFT_OPTIMIZATION_LEVEL = "-O";
				VALIDATE_PRODUCT = YES;
			};
			name = Release;
		};
		E65A678527C5E0E800130B3D /* Debug */ = {
			isa = XCBuildConfiguration;
			buildSettings = {
				ASSETCATALOG_COMPILER_APPICON_NAME = AppIcon;
				ASSETCATALOG_COMPILER_GLOBAL_ACCENT_COLOR_NAME = AccentColor;
				CODE_SIGN_STYLE = Automatic;
				CURRENT_PROJECT_VERSION = 1;
				DEVELOPMENT_TEAM = SHX88X5G84;
				GENERATE_INFOPLIST_FILE = YES;
				INFOPLIST_FILE = Todo/Info.plist;
				INFOPLIST_KEY_UIApplicationSupportsIndirectInputEvents = YES;
				INFOPLIST_KEY_UILaunchStoryboardName = LaunchScreen;
				INFOPLIST_KEY_UISupportedInterfaceOrientations_iPad = "UIInterfaceOrientationPortrait UIInterfaceOrientationPortraitUpsideDown UIInterfaceOrientationLandscapeLeft UIInterfaceOrientationLandscapeRight";
				INFOPLIST_KEY_UISupportedInterfaceOrientations_iPhone = "UIInterfaceOrientationPortrait UIInterfaceOrientationLandscapeLeft UIInterfaceOrientationLandscapeRight";
				LD_RUNPATH_SEARCH_PATHS = (
					"$(inherited)",
					"@executable_path/Frameworks",
				);
				MARKETING_VERSION = 1.0;
				PRODUCT_BUNDLE_IDENTIFIER = lehoanganh.Todo;
				PRODUCT_NAME = "$(TARGET_NAME)";
				SWIFT_EMIT_LOC_STRINGS = YES;
				SWIFT_VERSION = 5.0;
				TARGETED_DEVICE_FAMILY = "1,2";
			};
			name = Debug;
		};
		E65A678627C5E0E800130B3D /* Release */ = {
			isa = XCBuildConfiguration;
			buildSettings = {
				ASSETCATALOG_COMPILER_APPICON_NAME = AppIcon;
				ASSETCATALOG_COMPILER_GLOBAL_ACCENT_COLOR_NAME = AccentColor;
				CODE_SIGN_STYLE = Automatic;
				CURRENT_PROJECT_VERSION = 1;
				DEVELOPMENT_TEAM = SHX88X5G84;
				GENERATE_INFOPLIST_FILE = YES;
				INFOPLIST_FILE = Todo/Info.plist;
				INFOPLIST_KEY_UIApplicationSupportsIndirectInputEvents = YES;
				INFOPLIST_KEY_UILaunchStoryboardName = LaunchScreen;
				INFOPLIST_KEY_UISupportedInterfaceOrientations_iPad = "UIInterfaceOrientationPortrait UIInterfaceOrientationPortraitUpsideDown UIInterfaceOrientationLandscapeLeft UIInterfaceOrientationLandscapeRight";
				INFOPLIST_KEY_UISupportedInterfaceOrientations_iPhone = "UIInterfaceOrientationPortrait UIInterfaceOrientationLandscapeLeft UIInterfaceOrientationLandscapeRight";
				LD_RUNPATH_SEARCH_PATHS = (
					"$(inherited)",
					"@executable_path/Frameworks",
				);
				MARKETING_VERSION = 1.0;
				PRODUCT_BUNDLE_IDENTIFIER = lehoanganh.Todo;
				PRODUCT_NAME = "$(TARGET_NAME)";
				SWIFT_EMIT_LOC_STRINGS = YES;
				SWIFT_VERSION = 5.0;
				TARGETED_DEVICE_FAMILY = "1,2";
			};
			name = Release;
		};
/* End XCBuildConfiguration section */

/* Begin XCConfigurationList section */
		E65A676B27C5E0E600130B3D /* Build configuration list for PBXProject "Todo" */ = {
			isa = XCConfigurationList;
			buildConfigurations = (
				E65A678227C5E0E800130B3D /* Debug */,
				E65A678327C5E0E800130B3D /* Release */,
			);
			defaultConfigurationIsVisible = 0;
			defaultConfigurationName = Release;
		};
		E65A678427C5E0E800130B3D /* Build configuration list for PBXNativeTarget "Todo" */ = {
			isa = XCConfigurationList;
			buildConfigurations = (
				E65A678527C5E0E800130B3D /* Debug */,
				E65A678627C5E0E800130B3D /* Release */,
			);
			defaultConfigurationIsVisible = 0;
			defaultConfigurationName = Release;
		};
/* End XCConfigurationList section */

/* Begin XCRemoteSwiftPackageReference section */
		E6DF4B1927CC5E8C00E7E582 /* XCRemoteSwiftPackageReference "realm-swift" */ = {
			isa = XCRemoteSwiftPackageReference;
			repositoryURL = "https://github.com/realm/realm-swift.git";
			requirement = {
				kind = upToNextMajorVersion;
				minimumVersion = 10.19.0;
			};
		};
/* End XCRemoteSwiftPackageReference section */

/* Begin XCSwiftPackageProductDependency section */
		E6DF4B1A27CC5E8C00E7E582 /* RealmSwift */ = {
			isa = XCSwiftPackageProductDependency;
			package = E6DF4B1927CC5E8C00E7E582 /* XCRemoteSwiftPackageReference "realm-swift" */;
			productName = RealmSwift;
		};
/* End XCSwiftPackageProductDependency section */
	};
	rootObject = E65A676827C5E0E600130B3D /* Project object */;
}
